// !$*UTF8*$!
{
	archiveVersion = 1;
	classes = {
	};
	objectVersion = 50;
	objects = {

/* Begin PBXBuildFile section */
		190F54162373357A007EC08B /* CharacterRace.swift in Sources */ = {isa = PBXBuildFile; fileRef = 190F54152373357A007EC08B /* CharacterRace.swift */; };
		190F541A23734F5B007EC08B /* AbilityScoreStandardArrayViewController.swift in Sources */ = {isa = PBXBuildFile; fileRef = 190F541923734F5B007EC08B /* AbilityScoreStandardArrayViewController.swift */; };
		190F541C23734F71007EC08B /* AbilityScorePointBuyViewController.swift in Sources */ = {isa = PBXBuildFile; fileRef = 190F541B23734F71007EC08B /* AbilityScorePointBuyViewController.swift */; };
		190F541E23734F84007EC08B /* AbilityScoreCustomViewController.swift in Sources */ = {isa = PBXBuildFile; fileRef = 190F541D23734F84007EC08B /* AbilityScoreCustomViewController.swift */; };
		190F542023735315007EC08B /* Background.swift in Sources */ = {isa = PBXBuildFile; fileRef = 190F541F23735315007EC08B /* Background.swift */; };
		190F542223735378007EC08B /* Features.swift in Sources */ = {isa = PBXBuildFile; fileRef = 190F542123735378007EC08B /* Features.swift */; };
		190F5424237353EF007EC08B /* Spells.swift in Sources */ = {isa = PBXBuildFile; fileRef = 190F5423237353EF007EC08B /* Spells.swift */; };
		190F5426237353FD007EC08B /* Equipment.swift in Sources */ = {isa = PBXBuildFile; fileRef = 190F5425237353FD007EC08B /* Equipment.swift */; };
		190F542823737D62007EC08B /* DNDCharacterController.swift in Sources */ = {isa = PBXBuildFile; fileRef = 190F542723737D62007EC08B /* DNDCharacterController.swift */; };
		190F542A23737E6D007EC08B /* DNDContants.swift in Sources */ = {isa = PBXBuildFile; fileRef = 190F542923737E6D007EC08B /* DNDContants.swift */; };
		194249C0237A074100786A2E /* CharacterRaceController.swift in Sources */ = {isa = PBXBuildFile; fileRef = 194249BF237A074100786A2E /* CharacterRaceController.swift */; };
		194249C2237A26D900786A2E /* RacesTableViewController.swift in Sources */ = {isa = PBXBuildFile; fileRef = 194249C1237A26D900786A2E /* RacesTableViewController.swift */; };
		194249C6237B127D00786A2E /* Race.storyboard in Resources */ = {isa = PBXBuildFile; fileRef = 194249C5237B127D00786A2E /* Race.storyboard */; };
		194249C9237B12B100786A2E /* Classes.storyboard in Resources */ = {isa = PBXBuildFile; fileRef = 194249C7237B12B100786A2E /* Classes.storyboard */; };
		194249CB237B147100786A2E /* AbilityScore.storyboard in Resources */ = {isa = PBXBuildFile; fileRef = 194249CA237B147100786A2E /* AbilityScore.storyboard */; };
		194249CE237B2FF100786A2E /* Background.storyboard in Resources */ = {isa = PBXBuildFile; fileRef = 194249CC237B2FF100786A2E /* Background.storyboard */; };
		194249D1237B325000786A2E /* FeatsAndProficiencies.storyboard in Resources */ = {isa = PBXBuildFile; fileRef = 194249CF237B325000786A2E /* FeatsAndProficiencies.storyboard */; };
		194249D3237B328200786A2E /* Spells.storyboard in Resources */ = {isa = PBXBuildFile; fileRef = 194249D2237B328200786A2E /* Spells.storyboard */; };
		194249D5237B32A400786A2E /* Equipment.storyboard in Resources */ = {isa = PBXBuildFile; fileRef = 194249D4237B32A400786A2E /* Equipment.storyboard */; };
		194249D7237B32C100786A2E /* CharacterNameAndImage.storyboard in Resources */ = {isa = PBXBuildFile; fileRef = 194249D6237B32C100786A2E /* CharacterNameAndImage.storyboard */; };
		194249DA237B330B00786A2E /* CharacterSheet.storyboard in Resources */ = {isa = PBXBuildFile; fileRef = 194249D8237B330B00786A2E /* CharacterSheet.storyboard */; };
		194249E0237CD4C500786A2E /* RaceDetailViewController.swift in Sources */ = {isa = PBXBuildFile; fileRef = 194249DF237CD4C500786A2E /* RaceDetailViewController.swift */; };
		19576EC0237095330010F91C /* CharacterClass.swift in Sources */ = {isa = PBXBuildFile; fileRef = 19576EBF237095330010F91C /* CharacterClass.swift */; };
		196BBF9C23678FA700A5F8B3 /* AppDelegate.swift in Sources */ = {isa = PBXBuildFile; fileRef = 196BBF9B23678FA700A5F8B3 /* AppDelegate.swift */; };
		196BBF9E23678FA700A5F8B3 /* SceneDelegate.swift in Sources */ = {isa = PBXBuildFile; fileRef = 196BBF9D23678FA700A5F8B3 /* SceneDelegate.swift */; };
		196BBFA323678FA700A5F8B3 /* Main.storyboard in Resources */ = {isa = PBXBuildFile; fileRef = 196BBFA123678FA700A5F8B3 /* Main.storyboard */; };
		196BBFA523678FA800A5F8B3 /* Assets.xcassets in Resources */ = {isa = PBXBuildFile; fileRef = 196BBFA423678FA800A5F8B3 /* Assets.xcassets */; };
		196BBFA823678FA800A5F8B3 /* LaunchScreen.storyboard in Resources */ = {isa = PBXBuildFile; fileRef = 196BBFA623678FA800A5F8B3 /* LaunchScreen.storyboard */; };
		196BBFB72368EED600A5F8B3 /* DNDCharacter.swift in Sources */ = {isa = PBXBuildFile; fileRef = 196BBFB62368EED600A5F8B3 /* DNDCharacter.swift */; };
		19CC1D912375F3AB00DEFC9E /* CharacterSubRace.swift in Sources */ = {isa = PBXBuildFile; fileRef = 19CC1D902375F3AB00DEFC9E /* CharacterSubRace.swift */; };
		19CC1D932375F3F400DEFC9E /* RaceList.swift in Sources */ = {isa = PBXBuildFile; fileRef = 19CC1D922375F3F400DEFC9E /* RaceList.swift */; };
/* End PBXBuildFile section */

/* Begin PBXFileReference section */
		190F54152373357A007EC08B /* CharacterRace.swift */ = {isa = PBXFileReference; lastKnownFileType = sourcecode.swift; path = CharacterRace.swift; sourceTree = "<group>"; };
		190F541923734F5B007EC08B /* AbilityScoreStandardArrayViewController.swift */ = {isa = PBXFileReference; lastKnownFileType = sourcecode.swift; path = AbilityScoreStandardArrayViewController.swift; sourceTree = "<group>"; };
		190F541B23734F71007EC08B /* AbilityScorePointBuyViewController.swift */ = {isa = PBXFileReference; lastKnownFileType = sourcecode.swift; path = AbilityScorePointBuyViewController.swift; sourceTree = "<group>"; };
		190F541D23734F84007EC08B /* AbilityScoreCustomViewController.swift */ = {isa = PBXFileReference; lastKnownFileType = sourcecode.swift; path = AbilityScoreCustomViewController.swift; sourceTree = "<group>"; };
		190F541F23735315007EC08B /* Background.swift */ = {isa = PBXFileReference; lastKnownFileType = sourcecode.swift; path = Background.swift; sourceTree = "<group>"; };
		190F542123735378007EC08B /* Features.swift */ = {isa = PBXFileReference; lastKnownFileType = sourcecode.swift; path = Features.swift; sourceTree = "<group>"; };
		190F5423237353EF007EC08B /* Spells.swift */ = {isa = PBXFileReference; lastKnownFileType = sourcecode.swift; path = Spells.swift; sourceTree = "<group>"; };
		190F5425237353FD007EC08B /* Equipment.swift */ = {isa = PBXFileReference; lastKnownFileType = sourcecode.swift; path = Equipment.swift; sourceTree = "<group>"; };
		190F542723737D62007EC08B /* DNDCharacterController.swift */ = {isa = PBXFileReference; lastKnownFileType = sourcecode.swift; path = DNDCharacterController.swift; sourceTree = "<group>"; };
		190F542923737E6D007EC08B /* DNDContants.swift */ = {isa = PBXFileReference; lastKnownFileType = sourcecode.swift; path = DNDContants.swift; sourceTree = "<group>"; };
		194249BF237A074100786A2E /* CharacterRaceController.swift */ = {isa = PBXFileReference; lastKnownFileType = sourcecode.swift; path = CharacterRaceController.swift; sourceTree = "<group>"; };
		194249C1237A26D900786A2E /* RacesTableViewController.swift */ = {isa = PBXFileReference; lastKnownFileType = sourcecode.swift; path = RacesTableViewController.swift; sourceTree = "<group>"; };
		194249C5237B127D00786A2E /* Race.storyboard */ = {isa = PBXFileReference; fileEncoding = 4; lastKnownFileType = file.storyboard; path = Race.storyboard; sourceTree = "<group>"; };
		194249C8237B12B100786A2E /* Base */ = {isa = PBXFileReference; lastKnownFileType = file.storyboard; name = Base; path = DNDApp/Views/Storyboards/Base.lproj/Classes.storyboard; sourceTree = "<group>"; };
		194249CA237B147100786A2E /* AbilityScore.storyboard */ = {isa = PBXFileReference; fileEncoding = 4; lastKnownFileType = file.storyboard; path = AbilityScore.storyboard; sourceTree = "<group>"; };
		194249CD237B2FF100786A2E /* Base */ = {isa = PBXFileReference; lastKnownFileType = file.storyboard; name = Base; path = DNDApp/Views/Storyboards/Base.lproj/Background.storyboard; sourceTree = "<group>"; };
		194249D0237B325000786A2E /* Base */ = {isa = PBXFileReference; lastKnownFileType = file.storyboard; name = Base; path = DNDApp/Views/Storyboards/DNDApp/Views/Storyboards/Base.lproj/FeatsAndProficiencies.storyboard; sourceTree = "<group>"; };
		194249D2237B328200786A2E /* Spells.storyboard */ = {isa = PBXFileReference; fileEncoding = 4; lastKnownFileType = file.storyboard; path = Spells.storyboard; sourceTree = "<group>"; };
		194249D4237B32A400786A2E /* Equipment.storyboard */ = {isa = PBXFileReference; fileEncoding = 4; lastKnownFileType = file.storyboard; path = Equipment.storyboard; sourceTree = "<group>"; };
		194249D6237B32C100786A2E /* CharacterNameAndImage.storyboard */ = {isa = PBXFileReference; fileEncoding = 4; lastKnownFileType = file.storyboard; path = CharacterNameAndImage.storyboard; sourceTree = "<group>"; };
		194249D9237B330B00786A2E /* Base */ = {isa = PBXFileReference; lastKnownFileType = file.storyboard; name = Base; path = DNDApp/Views/Storyboards/Base.lproj/CharacterSheet.storyboard; sourceTree = "<group>"; };
		194249DF237CD4C500786A2E /* RaceDetailViewController.swift */ = {isa = PBXFileReference; lastKnownFileType = sourcecode.swift; path = RaceDetailViewController.swift; sourceTree = "<group>"; };
		19576EBF237095330010F91C /* CharacterClass.swift */ = {isa = PBXFileReference; lastKnownFileType = sourcecode.swift; path = CharacterClass.swift; sourceTree = "<group>"; };
		196BBF9823678FA700A5F8B3 /* DNDApp.app */ = {isa = PBXFileReference; explicitFileType = wrapper.application; includeInIndex = 0; path = DNDApp.app; sourceTree = BUILT_PRODUCTS_DIR; };
		196BBF9B23678FA700A5F8B3 /* AppDelegate.swift */ = {isa = PBXFileReference; lastKnownFileType = sourcecode.swift; path = AppDelegate.swift; sourceTree = "<group>"; };
		196BBF9D23678FA700A5F8B3 /* SceneDelegate.swift */ = {isa = PBXFileReference; lastKnownFileType = sourcecode.swift; path = SceneDelegate.swift; sourceTree = "<group>"; };
		196BBFA223678FA700A5F8B3 /* Base */ = {isa = PBXFileReference; lastKnownFileType = file.storyboard; name = Base; path = Base.lproj/Main.storyboard; sourceTree = "<group>"; };
		196BBFA423678FA800A5F8B3 /* Assets.xcassets */ = {isa = PBXFileReference; lastKnownFileType = folder.assetcatalog; path = Assets.xcassets; sourceTree = "<group>"; };
		196BBFA723678FA800A5F8B3 /* Base */ = {isa = PBXFileReference; lastKnownFileType = file.storyboard; name = Base; path = Base.lproj/LaunchScreen.storyboard; sourceTree = "<group>"; };
		196BBFA923678FA800A5F8B3 /* Info.plist */ = {isa = PBXFileReference; lastKnownFileType = text.plist.xml; path = Info.plist; sourceTree = "<group>"; };
		196BBFB62368EED600A5F8B3 /* DNDCharacter.swift */ = {isa = PBXFileReference; lastKnownFileType = sourcecode.swift; path = DNDCharacter.swift; sourceTree = "<group>"; };
		19CC1D902375F3AB00DEFC9E /* CharacterSubRace.swift */ = {isa = PBXFileReference; lastKnownFileType = sourcecode.swift; path = CharacterSubRace.swift; sourceTree = "<group>"; };
		19CC1D922375F3F400DEFC9E /* RaceList.swift */ = {isa = PBXFileReference; lastKnownFileType = sourcecode.swift; path = RaceList.swift; sourceTree = "<group>"; };
/* End PBXFileReference section */

/* Begin PBXFrameworksBuildPhase section */
		196BBF9523678FA700A5F8B3 /* Frameworks */ = {
			isa = PBXFrameworksBuildPhase;
			buildActionMask = 2147483647;
			files = (
			);
			runOnlyForDeploymentPostprocessing = 0;
		};
/* End PBXFrameworksBuildPhase section */

/* Begin PBXGroup section */
		194249DD237CC42500786A2E /* InProgress Storyboards */ = {
			isa = PBXGroup;
			children = (
				194249C7237B12B100786A2E /* Classes.storyboard */,
				194249CA237B147100786A2E /* AbilityScore.storyboard */,
				194249CC237B2FF100786A2E /* Background.storyboard */,
				194249CF237B325000786A2E /* FeatsAndProficiencies.storyboard */,
				194249D2237B328200786A2E /* Spells.storyboard */,
				194249D4237B32A400786A2E /* Equipment.storyboard */,
				194249D6237B32C100786A2E /* CharacterNameAndImage.storyboard */,
				194249D8237B330B00786A2E /* CharacterSheet.storyboard */,
			);
			path = "InProgress Storyboards";
			sourceTree = "<group>";
		};
		194249DE237CC50A00786A2E /* InProgress Models */ = {
			isa = PBXGroup;
			children = (
				19576EBF237095330010F91C /* CharacterClass.swift */,
				190F541F23735315007EC08B /* Background.swift */,
				190F542123735378007EC08B /* Features.swift */,
				190F5423237353EF007EC08B /* Spells.swift */,
				190F5425237353FD007EC08B /* Equipment.swift */,
			);
			path = "InProgress Models";
			sourceTree = "<group>";
		};
		194249E1237CD4CD00786A2E /* InProgress ViewControllers */ = {
			isa = PBXGroup;
			children = (
				190F541923734F5B007EC08B /* AbilityScoreStandardArrayViewController.swift */,
				190F541B23734F71007EC08B /* AbilityScorePointBuyViewController.swift */,
				190F541D23734F84007EC08B /* AbilityScoreCustomViewController.swift */,
			);
			path = "InProgress ViewControllers";
			sourceTree = "<group>";
		};
		196BBF8F23678FA700A5F8B3 = {
			isa = PBXGroup;
			children = (
				196BBF9A23678FA700A5F8B3 /* DNDApp */,
				196BBF9923678FA700A5F8B3 /* Products */,
			);
			sourceTree = "<group>";
		};
		196BBF9923678FA700A5F8B3 /* Products */ = {
			isa = PBXGroup;
			children = (
				196BBF9823678FA700A5F8B3 /* DNDApp.app */,
			);
			name = Products;
			sourceTree = "<group>";
		};
		196BBF9A23678FA700A5F8B3 /* DNDApp */ = {
			isa = PBXGroup;
			children = (
				196BBFB32367908900A5F8B3 /* Controllers */,
				196BBFB22367908300A5F8B3 /* Models */,
				196BBFB023678FDC00A5F8B3 /* Views */,
				196BBFAF23678FBE00A5F8B3 /* Supporting Files */,
				190F542923737E6D007EC08B /* DNDContants.swift */,
			);
			path = DNDApp;
			sourceTree = "<group>";
		};
		196BBFAF23678FBE00A5F8B3 /* Supporting Files */ = {
			isa = PBXGroup;
			children = (
				196BBF9B23678FA700A5F8B3 /* AppDelegate.swift */,
				196BBF9D23678FA700A5F8B3 /* SceneDelegate.swift */,
				196BBFA423678FA800A5F8B3 /* Assets.xcassets */,
				196BBFA623678FA800A5F8B3 /* LaunchScreen.storyboard */,
				196BBFA923678FA800A5F8B3 /* Info.plist */,
			);
			path = "Supporting Files";
			sourceTree = "<group>";
		};
		196BBFB023678FDC00A5F8B3 /* Views */ = {
			isa = PBXGroup;
			children = (
				196BBFB123678FE200A5F8B3 /* Storyboards */,
			);
			path = Views;
			sourceTree = "<group>";
		};
		196BBFB123678FE200A5F8B3 /* Storyboards */ = {
			isa = PBXGroup;
			children = (
				194249DD237CC42500786A2E /* InProgress Storyboards */,
				196BBFA123678FA700A5F8B3 /* Main.storyboard */,
				194249C5237B127D00786A2E /* Race.storyboard */,
			);
			path = Storyboards;
			sourceTree = "<group>";
		};
		196BBFB22367908300A5F8B3 /* Models */ = {
			isa = PBXGroup;
			children = (
				194249DE237CC50A00786A2E /* InProgress Models */,
				196BBFB62368EED600A5F8B3 /* DNDCharacter.swift */,
				19CC1D922375F3F400DEFC9E /* RaceList.swift */,
				190F54152373357A007EC08B /* CharacterRace.swift */,
				19CC1D902375F3AB00DEFC9E /* CharacterSubRace.swift */,
			);
			path = Models;
			sourceTree = "<group>";
		};
		196BBFB32367908900A5F8B3 /* Controllers */ = {
			isa = PBXGroup;
			children = (
				196BBFB52367909B00A5F8B3 /* ViewControllers */,
				196BBFB42367909100A5F8B3 /* ModelControllers */,
			);
			path = Controllers;
			sourceTree = "<group>";
		};
		196BBFB42367909100A5F8B3 /* ModelControllers */ = {
			isa = PBXGroup;
			children = (
				190F542723737D62007EC08B /* DNDCharacterController.swift */,
				194249BF237A074100786A2E /* CharacterRaceController.swift */,
			);
			path = ModelControllers;
			sourceTree = "<group>";
		};
		196BBFB52367909B00A5F8B3 /* ViewControllers */ = {
			isa = PBXGroup;
			children = (
				194249E1237CD4CD00786A2E /* InProgress ViewControllers */,
				194249C1237A26D900786A2E /* RacesTableViewController.swift */,
				194249DF237CD4C500786A2E /* RaceDetailViewController.swift */,
			);
			path = ViewControllers;
			sourceTree = "<group>";
		};
/* End PBXGroup section */

/* Begin PBXNativeTarget section */
		196BBF9723678FA700A5F8B3 /* DNDApp */ = {
			isa = PBXNativeTarget;
			buildConfigurationList = 196BBFAC23678FA800A5F8B3 /* Build configuration list for PBXNativeTarget "DNDApp" */;
			buildPhases = (
				196BBF9423678FA700A5F8B3 /* Sources */,
				196BBF9523678FA700A5F8B3 /* Frameworks */,
				196BBF9623678FA700A5F8B3 /* Resources */,
			);
			buildRules = (
			);
			dependencies = (
			);
			name = DNDApp;
			productName = DNDApp;
			productReference = 196BBF9823678FA700A5F8B3 /* DNDApp.app */;
			productType = "com.apple.product-type.application";
		};
/* End PBXNativeTarget section */

/* Begin PBXProject section */
		196BBF9023678FA700A5F8B3 /* Project object */ = {
			isa = PBXProject;
			attributes = {
				LastSwiftUpdateCheck = 1110;
				LastUpgradeCheck = 1110;
				ORGANIZATIONNAME = "Travis Wheeler";
				TargetAttributes = {
					196BBF9723678FA700A5F8B3 = {
						CreatedOnToolsVersion = 11.1;
					};
				};
			};
			buildConfigurationList = 196BBF9323678FA700A5F8B3 /* Build configuration list for PBXProject "DNDApp" */;
			compatibilityVersion = "Xcode 9.3";
			developmentRegion = en;
			hasScannedForEncodings = 0;
			knownRegions = (
				en,
				Base,
			);
			mainGroup = 196BBF8F23678FA700A5F8B3;
			productRefGroup = 196BBF9923678FA700A5F8B3 /* Products */;
			projectDirPath = "";
			projectRoot = "";
			targets = (
				196BBF9723678FA700A5F8B3 /* DNDApp */,
			);
		};
/* End PBXProject section */

/* Begin PBXResourcesBuildPhase section */
		196BBF9623678FA700A5F8B3 /* Resources */ = {
			isa = PBXResourcesBuildPhase;
			buildActionMask = 2147483647;
			files = (
				194249D1237B325000786A2E /* FeatsAndProficiencies.storyboard in Resources */,
				194249CB237B147100786A2E /* AbilityScore.storyboard in Resources */,
				194249DA237B330B00786A2E /* CharacterSheet.storyboard in Resources */,
				196BBFA823678FA800A5F8B3 /* LaunchScreen.storyboard in Resources */,
				194249CE237B2FF100786A2E /* Background.storyboard in Resources */,
				194249C6237B127D00786A2E /* Race.storyboard in Resources */,
				194249D3237B328200786A2E /* Spells.storyboard in Resources */,
				196BBFA523678FA800A5F8B3 /* Assets.xcassets in Resources */,
				194249D5237B32A400786A2E /* Equipment.storyboard in Resources */,
				194249C9237B12B100786A2E /* Classes.storyboard in Resources */,
				194249D7237B32C100786A2E /* CharacterNameAndImage.storyboard in Resources */,
				196BBFA323678FA700A5F8B3 /* Main.storyboard in Resources */,
			);
			runOnlyForDeploymentPostprocessing = 0;
		};
/* End PBXResourcesBuildPhase section */

/* Begin PBXSourcesBuildPhase section */
		196BBF9423678FA700A5F8B3 /* Sources */ = {
			isa = PBXSourcesBuildPhase;
			buildActionMask = 2147483647;
			files = (
				194249C2237A26D900786A2E /* RacesTableViewController.swift in Sources */,
				19CC1D932375F3F400DEFC9E /* RaceList.swift in Sources */,
				190F541C23734F71007EC08B /* AbilityScorePointBuyViewController.swift in Sources */,
				196BBFB72368EED600A5F8B3 /* DNDCharacter.swift in Sources */,
				190F542823737D62007EC08B /* DNDCharacterController.swift in Sources */,
				190F5426237353FD007EC08B /* Equipment.swift in Sources */,
				19CC1D912375F3AB00DEFC9E /* CharacterSubRace.swift in Sources */,
				190F5424237353EF007EC08B /* Spells.swift in Sources */,
				196BBF9C23678FA700A5F8B3 /* AppDelegate.swift in Sources */,
				190F542A23737E6D007EC08B /* DNDContants.swift in Sources */,
				194249C0237A074100786A2E /* CharacterRaceController.swift in Sources */,
				194249E0237CD4C500786A2E /* RaceDetailViewController.swift in Sources */,
				19576EC0237095330010F91C /* CharacterClass.swift in Sources */,
				190F542223735378007EC08B /* Features.swift in Sources */,
				190F54162373357A007EC08B /* CharacterRace.swift in Sources */,
				190F542023735315007EC08B /* Background.swift in Sources */,
				190F541E23734F84007EC08B /* AbilityScoreCustomViewController.swift in Sources */,
				196BBF9E23678FA700A5F8B3 /* SceneDelegate.swift in Sources */,
				190F541A23734F5B007EC08B /* AbilityScoreStandardArrayViewController.swift in Sources */,
			);
			runOnlyForDeploymentPostprocessing = 0;
		};
/* End PBXSourcesBuildPhase section */

/* Begin PBXVariantGroup section */
		194249C7237B12B100786A2E /* Classes.storyboard */ = {
			isa = PBXVariantGroup;
			children = (
				194249C8237B12B100786A2E /* Base */,
			);
			name = Classes.storyboard;
			sourceTree = "<group>";
		};
		194249CC237B2FF100786A2E /* Background.storyboard */ = {
			isa = PBXVariantGroup;
			children = (
				194249CD237B2FF100786A2E /* Base */,
			);
			name = Background.storyboard;
			sourceTree = "<group>";
		};
		194249CF237B325000786A2E /* FeatsAndProficiencies.storyboard */ = {
			isa = PBXVariantGroup;
			children = (
				194249D0237B325000786A2E /* Base */,
			);
			name = FeatsAndProficiencies.storyboard;
			sourceTree = "<group>";
		};
		194249D8237B330B00786A2E /* CharacterSheet.storyboard */ = {
			isa = PBXVariantGroup;
			children = (
				194249D9237B330B00786A2E /* Base */,
			);
			name = CharacterSheet.storyboard;
			sourceTree = "<group>";
		};
		196BBFA123678FA700A5F8B3 /* Main.storyboard */ = {
			isa = PBXVariantGroup;
			children = (
				196BBFA223678FA700A5F8B3 /* Base */,
			);
			name = Main.storyboard;
			sourceTree = "<group>";
		};
		196BBFA623678FA800A5F8B3 /* LaunchScreen.storyboard */ = {
			isa = PBXVariantGroup;
			children = (
				196BBFA723678FA800A5F8B3 /* Base */,
			);
			name = LaunchScreen.storyboard;
			sourceTree = "<group>";
		};
/* End PBXVariantGroup section */

/* Begin XCBuildConfiguration section */
		196BBFAA23678FA800A5F8B3 /* Debug */ = {
			isa = XCBuildConfiguration;
			buildSettings = {
				ALWAYS_SEARCH_USER_PATHS = NO;
				CLANG_ANALYZER_NONNULL = YES;
				CLANG_ANALYZER_NUMBER_OBJECT_CONVERSION = YES_AGGRESSIVE;
				CLANG_CXX_LANGUAGE_STANDARD = "gnu++14";
				CLANG_CXX_LIBRARY = "libc++";
				CLANG_ENABLE_MODULES = YES;
				CLANG_ENABLE_OBJC_ARC = YES;
				CLANG_ENABLE_OBJC_WEAK = YES;
				CLANG_WARN_BLOCK_CAPTURE_AUTORELEASING = YES;
				CLANG_WARN_BOOL_CONVERSION = YES;
				CLANG_WARN_COMMA = YES;
				CLANG_WARN_CONSTANT_CONVERSION = YES;
				CLANG_WARN_DEPRECATED_OBJC_IMPLEMENTATIONS = YES;
				CLANG_WARN_DIRECT_OBJC_ISA_USAGE = YES_ERROR;
				CLANG_WARN_DOCUMENTATION_COMMENTS = YES;
				CLANG_WARN_EMPTY_BODY = YES;
				CLANG_WARN_ENUM_CONVERSION = YES;
				CLANG_WARN_INFINITE_RECURSION = YES;
				CLANG_WARN_INT_CONVERSION = YES;
				CLANG_WARN_NON_LITERAL_NULL_CONVERSION = YES;
				CLANG_WARN_OBJC_IMPLICIT_RETAIN_SELF = YES;
				CLANG_WARN_OBJC_LITERAL_CONVERSION = YES;
				CLANG_WARN_OBJC_ROOT_CLASS = YES_ERROR;
				CLANG_WARN_RANGE_LOOP_ANALYSIS = YES;
				CLANG_WARN_STRICT_PROTOTYPES = YES;
				CLANG_WARN_SUSPICIOUS_MOVE = YES;
				CLANG_WARN_UNGUARDED_AVAILABILITY = YES_AGGRESSIVE;
				CLANG_WARN_UNREACHABLE_CODE = YES;
				CLANG_WARN__DUPLICATE_METHOD_MATCH = YES;
				COPY_PHASE_STRIP = NO;
				DEBUG_INFORMATION_FORMAT = dwarf;
				ENABLE_STRICT_OBJC_MSGSEND = YES;
				ENABLE_TESTABILITY = YES;
				GCC_C_LANGUAGE_STANDARD = gnu11;
				GCC_DYNAMIC_NO_PIC = NO;
				GCC_NO_COMMON_BLOCKS = YES;
				GCC_OPTIMIZATION_LEVEL = 0;
				GCC_PREPROCESSOR_DEFINITIONS = (
					"DEBUG=1",
					"$(inherited)",
				);
				GCC_WARN_64_TO_32_BIT_CONVERSION = YES;
				GCC_WARN_ABOUT_RETURN_TYPE = YES_ERROR;
				GCC_WARN_UNDECLARED_SELECTOR = YES;
				GCC_WARN_UNINITIALIZED_AUTOS = YES_AGGRESSIVE;
				GCC_WARN_UNUSED_FUNCTION = YES;
				GCC_WARN_UNUSED_VARIABLE = YES;
				IPHONEOS_DEPLOYMENT_TARGET = 13.1;
				MTL_ENABLE_DEBUG_INFO = INCLUDE_SOURCE;
				MTL_FAST_MATH = YES;
				ONLY_ACTIVE_ARCH = YES;
				SDKROOT = iphoneos;
				SWIFT_ACTIVE_COMPILATION_CONDITIONS = DEBUG;
				SWIFT_OPTIMIZATION_LEVEL = "-Onone";
			};
			name = Debug;
		};
		196BBFAB23678FA800A5F8B3 /* Release */ = {
			isa = XCBuildConfiguration;
			buildSettings = {
				ALWAYS_SEARCH_USER_PATHS = NO;
				CLANG_ANALYZER_NONNULL = YES;
				CLANG_ANALYZER_NUMBER_OBJECT_CONVERSION = YES_AGGRESSIVE;
				CLANG_CXX_LANGUAGE_STANDARD = "gnu++14";
				CLANG_CXX_LIBRARY = "libc++";
				CLANG_ENABLE_MODULES = YES;
				CLANG_ENABLE_OBJC_ARC = YES;
				CLANG_ENABLE_OBJC_WEAK = YES;
				CLANG_WARN_BLOCK_CAPTURE_AUTORELEASING = YES;
				CLANG_WARN_BOOL_CONVERSION = YES;
				CLANG_WARN_COMMA = YES;
				CLANG_WARN_CONSTANT_CONVERSION = YES;
				CLANG_WARN_DEPRECATED_OBJC_IMPLEMENTATIONS = YES;
				CLANG_WARN_DIRECT_OBJC_ISA_USAGE = YES_ERROR;
				CLANG_WARN_DOCUMENTATION_COMMENTS = YES;
				CLANG_WARN_EMPTY_BODY = YES;
				CLANG_WARN_ENUM_CONVERSION = YES;
				CLANG_WARN_INFINITE_RECURSION = YES;
				CLANG_WARN_INT_CONVERSION = YES;
				CLANG_WARN_NON_LITERAL_NULL_CONVERSION = YES;
				CLANG_WARN_OBJC_IMPLICIT_RETAIN_SELF = YES;
				CLANG_WARN_OBJC_LITERAL_CONVERSION = YES;
				CLANG_WARN_OBJC_ROOT_CLASS = YES_ERROR;
				CLANG_WARN_RANGE_LOOP_ANALYSIS = YES;
				CLANG_WARN_STRICT_PROTOTYPES = YES;
				CLANG_WARN_SUSPICIOUS_MOVE = YES;
				CLANG_WARN_UNGUARDED_AVAILABILITY = YES_AGGRESSIVE;
				CLANG_WARN_UNREACHABLE_CODE = YES;
				CLANG_WARN__DUPLICATE_METHOD_MATCH = YES;
				COPY_PHASE_STRIP = NO;
				DEBUG_INFORMATION_FORMAT = "dwarf-with-dsym";
				ENABLE_NS_ASSERTIONS = NO;
				ENABLE_STRICT_OBJC_MSGSEND = YES;
				GCC_C_LANGUAGE_STANDARD = gnu11;
				GCC_NO_COMMON_BLOCKS = YES;
				GCC_WARN_64_TO_32_BIT_CONVERSION = YES;
				GCC_WARN_ABOUT_RETURN_TYPE = YES_ERROR;
				GCC_WARN_UNDECLARED_SELECTOR = YES;
				GCC_WARN_UNINITIALIZED_AUTOS = YES_AGGRESSIVE;
				GCC_WARN_UNUSED_FUNCTION = YES;
				GCC_WARN_UNUSED_VARIABLE = YES;
				IPHONEOS_DEPLOYMENT_TARGET = 13.1;
				MTL_ENABLE_DEBUG_INFO = NO;
				MTL_FAST_MATH = YES;
				SDKROOT = iphoneos;
				SWIFT_COMPILATION_MODE = wholemodule;
				SWIFT_OPTIMIZATION_LEVEL = "-O";
				VALIDATE_PRODUCT = YES;
			};
			name = Release;
		};
		196BBFAD23678FA800A5F8B3 /* Debug */ = {
			isa = XCBuildConfiguration;
			buildSettings = {
				ASSETCATALOG_COMPILER_APPICON_NAME = AppIcon;
				CODE_SIGN_STYLE = Automatic;
				DEVELOPMENT_TEAM = M9VU68T7UJ;
				INFOPLIST_FILE = "$(SRCROOT)/DNDApp/Supporting Files/Info.plist";
				LD_RUNPATH_SEARCH_PATHS = (
					"$(inherited)",
					"@executable_path/Frameworks",
				);
				PRODUCT_BUNDLE_IDENTIFIER = com.TravisWheeler.DNDApp;
				PRODUCT_NAME = "$(TARGET_NAME)";
				SWIFT_VERSION = 5.0;
				TARGETED_DEVICE_FAMILY = "1,2";
			};
			name = Debug;
		};
		196BBFAE23678FA800A5F8B3 /* Release */ = {
			isa = XCBuildConfiguration;
			buildSettings = {
				ASSETCATALOG_COMPILER_APPICON_NAME = AppIcon;
				CODE_SIGN_STYLE = Automatic;
				DEVELOPMENT_TEAM = M9VU68T7UJ;
				INFOPLIST_FILE = "$(SRCROOT)/DNDApp/Supporting Files/Info.plist";
				LD_RUNPATH_SEARCH_PATHS = (
					"$(inherited)",
					"@executable_path/Frameworks",
				);
				PRODUCT_BUNDLE_IDENTIFIER = com.TravisWheeler.DNDApp;
				PRODUCT_NAME = "$(TARGET_NAME)";
				SWIFT_VERSION = 5.0;
				TARGETED_DEVICE_FAMILY = "1,2";
			};
			name = Release;
		};
/* End XCBuildConfiguration section */

/* Begin XCConfigurationList section */
		196BBF9323678FA700A5F8B3 /* Build configuration list for PBXProject "DNDApp" */ = {
			isa = XCConfigurationList;
			buildConfigurations = (
				196BBFAA23678FA800A5F8B3 /* Debug */,
				196BBFAB23678FA800A5F8B3 /* Release */,
			);
			defaultConfigurationIsVisible = 0;
			defaultConfigurationName = Release;
		};
		196BBFAC23678FA800A5F8B3 /* Build configuration list for PBXNativeTarget "DNDApp" */ = {
			isa = XCConfigurationList;
			buildConfigurations = (
				196BBFAD23678FA800A5F8B3 /* Debug */,
				196BBFAE23678FA800A5F8B3 /* Release */,
			);
			defaultConfigurationIsVisible = 0;
			defaultConfigurationName = Release;
		};
/* End XCConfigurationList section */
	};
	rootObject = 196BBF9023678FA700A5F8B3 /* Project object */;
}
